
Microsoft Visual Studio Solution File, Format Version 12.00
# Visual Studio 2015
Project("{FAE04EC0-301F-11D3-BF4B-00C04F79EFBC}") = "LFS Demo Project (iOS)", "LFS Demo Project (iOS).csproj", "{A41D5D49-7BCC-164C-9EAF-D9AA6901153C}"
EndProject
Project("{FAE04EC0-301F-11D3-BF4B-00C04F79EFBC}") = "LFS Demo Project (iOS).Editor", "LFS Demo Project (iOS).Editor.csproj", "{EF016E50-492C-6963-6244-7B4955B324A8}"
EndProject
Global
	GlobalSection(SolutionConfigurationPlatforms) = preSolution
		Debug|Any CPU = Debug|Any CPU
		Release|Any CPU = Release|Any CPU
	EndGlobalSection
	GlobalSection(ProjectConfigurationPlatforms) = postSolution
		{A41D5D49-7BCC-164C-9EAF-D9AA6901153C}.Debug|Any CPU.ActiveCfg = Debug|Any CPU
		{A41D5D49-7BCC-164C-9EAF-D9AA6901153C}.Debug|Any CPU.Build.0 = Debug|Any CPU
		{A41D5D49-7BCC-164C-9EAF-D9AA6901153C}.Release|Any CPU.ActiveCfg = Release|Any CPU
		{A41D5D49-7BCC-164C-9EAF-D9AA6901153C}.Release|Any CPU.Build.0 = Release|Any CPU
		{EF016E50-492C-6963-6244-7B4955B324A8}.Debug|Any CPU.ActiveCfg = Debug|Any CPU
		{EF016E50-492C-6963-6244-7B4955B324A8}.Debug|Any CPU.Build.0 = Debug|Any CPU
		{EF016E50-492C-6963-6244-7B4955B324A8}.Release|Any CPU.ActiveCfg = Release|Any CPU
		{EF016E50-492C-6963-6244-7B4955B324A8}.Release|Any CPU.Build.0 = Release|Any CPU
	EndGlobalSection
	GlobalSection(SolutionProperties) = preSolution
		HideSolutionNode = FALSE
	EndGlobalSection
EndGlobal
